
Microsoft Visual Studio Solution File, Format Version 11.00
# Visual Studio 2010
Project("{FAE04EC0-301F-11D3-BF4B-00C04F79EFBC}") = "Immersive Media _ Project 2", "Assembly-CSharp-firstpass.csproj", "{939D77A0-CB57-D039-9EE1-69F25394BE54}"
EndProject
Project("{FAE04EC0-301F-11D3-BF4B-00C04F79EFBC}") = "Immersive Media _ Project 2", "Assembly-CSharp.csproj", "{1F943D3A-95ED-072D-3BFA-F1B11B25549A}"
EndProject
Project("{FAE04EC0-301F-11D3-BF4B-00C04F79EFBC}") = "Immersive Media _ Project 2", "Assembly-CSharp-Editor-firstpass.csproj", "{D02BFAE9-5E0D-FEE1-93CD-1322640E259C}"
EndProject
Project("{FAE04EC0-301F-11D3-BF4B-00C04F79EFBC}") = "Immersive Media _ Project 2", "Assembly-CSharp-Editor.csproj", "{DC6A45AE-C4BC-22B3-184B-BF782A441FA3}"
EndProject
Global
	GlobalSection(SolutionConfigurationPlatforms) = preSolution
		Debug|Any CPU = Debug|Any CPU
		Release|Any CPU = Release|Any CPU
	EndGlobalSection
	GlobalSection(ProjectConfigurationPlatforms) = postSolution
		{939D77A0-CB57-D039-9EE1-69F25394BE54}.Debug|Any CPU.ActiveCfg = Debug|Any CPU
		{939D77A0-CB57-D039-9EE1-69F25394BE54}.Debug|Any CPU.Build.0 = Debug|Any CPU
		{939D77A0-CB57-D039-9EE1-69F25394BE54}.Release|Any CPU.ActiveCfg = Release|Any CPU
		{939D77A0-CB57-D039-9EE1-69F25394BE54}.Release|Any CPU.Build.0 = Release|Any CPU
		{1F943D3A-95ED-072D-3BFA-F1B11B25549A}.Debug|Any CPU.ActiveCfg = Debug|Any CPU
		{1F943D3A-95ED-072D-3BFA-F1B11B25549A}.Debug|Any CPU.Build.0 = Debug|Any CPU
		{1F943D3A-95ED-072D-3BFA-F1B11B25549A}.Release|Any CPU.ActiveCfg = Release|Any CPU
		{1F943D3A-95ED-072D-3BFA-F1B11B25549A}.Release|Any CPU.Build.0 = Release|Any CPU
		{D02BFAE9-5E0D-FEE1-93CD-1322640E259C}.Debug|Any CPU.ActiveCfg = Debug|Any CPU
		{D02BFAE9-5E0D-FEE1-93CD-1322640E259C}.Debug|Any CPU.Build.0 = Debug|Any CPU
		{D02BFAE9-5E0D-FEE1-93CD-1322640E259C}.Release|Any CPU.ActiveCfg = Release|Any CPU
		{D02BFAE9-5E0D-FEE1-93CD-1322640E259C}.Release|Any CPU.Build.0 = Release|Any CPU
		{DC6A45AE-C4BC-22B3-184B-BF782A441FA3}.Debug|Any CPU.ActiveCfg = Debug|Any CPU
		{DC6A45AE-C4BC-22B3-184B-BF782A441FA3}.Debug|Any CPU.Build.0 = Debug|Any CPU
		{DC6A45AE-C4BC-22B3-184B-BF782A441FA3}.Release|Any CPU.ActiveCfg = Release|Any CPU
		{DC6A45AE-C4BC-22B3-184B-BF782A441FA3}.Release|Any CPU.Build.0 = Release|Any CPU
	EndGlobalSection
	GlobalSection(SolutionProperties) = preSolution
		HideSolutionNode = FALSE
	EndGlobalSection
	GlobalSection(MonoDevelopProperties) = preSolution
		StartupItem = Assembly-CSharp.csproj
	EndGlobalSection
EndGlobal
